{
  "nodes": {
    "nix-darwin": {
      "inputs": {
        "nixpkgs": [
          "openai-secure-tunnel-nix",
          "nixpkgs"
        ]
      },
      "locked": {
        "lastModified": 1784500460,
        "narHash": "sha256-UvORnAxTRHax7RG74W8Z2t4GvIkX6AjJ5kk0QlwZomo=",
        "owner": "nix-darwin",
        "repo": "nix-darwin",
        "rev": "57a3171f94705599a2499248ca5758d5eb47c0e0",
        "type": "github"
      },
      "original": {
        "owner": "nix-darwin",
        "ref": "master",
        "repo": "nix-darwin",
        "type": "github"
      }
    },
    "nixpkgs": {
      "locked": {
        "lastModified": 1787498568,
        "narHash": "sha256-9i/VTdusq/+NM/tz+J1Re+ojkMB8MBf0QshnYfzHz30=",
        "owner": "NixOS",
        "repo": "nixpkgs",
        "rev": "56c02bc00adcf003215cc4bd996d6efaf4cff188",
        "type": "github"
      },
      "original": {
        "owner": "NixOS",
        "ref": "nixos-unstable",
        "repo": "nixpkgs",
        "type": "github"
      }
    },
    "openai-secure-tunnel-nix": {
      "inputs": {
        "nix-darwin": "nix-darwin",
        "nixpkgs": [
          "nixpkgs"
        ]
      },
      "locked": {
        "lastModified": 1784686336,
        "narHash": "sha256-HEQS+iIleWPGWg35qt7TXhFDSxkXaO+7Nwqx47h6Wj0=",
        "owner": "nakasyou",
        "repo": "openai-secure-tunnel-nix",
        "rev": "ea5858adb01e36e23492af1c2f905f7b7f331176",
        "type": "github"
      },
      "original": {
        "owner": "nakasyou",
        "repo": "openai-secure-tunnel-nix",
        "type": "github"
      }
    },
    "root": {
      "inputs": {
        "nixpkgs": "nixpkgs",
        "openai-secure-tunnel-nix": "openai-secure-tunnel-nix"
      }
    }
  },
  "root": "root",
  "version": 7
}
